
Microsoft Visual Studio Solution File, Format Version 12.00
# Visual Studio 15
VisualStudioVersion = 15.0.27428.2037
MinimumVisualStudioVersion = 10.0.40219.1
Project("{FAE04EC0-301F-11D3-BF4B-00C04F79EFBC}") = "Morpher.WebService.V3.Adaptor", "Morpher.WebService.V3.Adaptor\Morpher.WebService.V3.Adaptor.csproj", "{AD522C2F-E633-4C20-AF77-C7E367690AEC}"
EndProject
Project("{FAE04EC0-301F-11D3-BF4B-00C04F79EFBC}") = "Morpher.WebService.V3.Adaptor.Tests", "Morpher.WebService.V3.Adaptor.Tests\Morpher.WebService.V3.Adaptor.Tests.csproj", "{74B6E294-C161-4479-A97D-84CA25DE1D69}"
EndProject
Global
	GlobalSection(SolutionConfigurationPlatforms) = preSolution
		Debug|Any CPU = Debug|Any CPU
		Release|Any CPU = Release|Any CPU
	EndGlobalSection
	GlobalSection(ProjectConfigurationPlatforms) = postSolution
		{AD522C2F-E633-4C20-AF77-C7E367690AEC}.Debug|Any CPU.ActiveCfg = Debug|Any CPU
		{AD522C2F-E633-4C20-AF77-C7E367690AEC}.Debug|Any CPU.Build.0 = Debug|Any CPU
		{AD522C2F-E633-4C20-AF77-C7E367690AEC}.Release|Any CPU.ActiveCfg = Release|Any CPU
		{AD522C2F-E633-4C20-AF77-C7E367690AEC}.Release|Any CPU.Build.0 = Release|Any CPU
		{74B6E294-C161-4479-A97D-84CA25DE1D69}.Debug|Any CPU.ActiveCfg = Debug|Any CPU
		{74B6E294-C161-4479-A97D-84CA25DE1D69}.Debug|Any CPU.Build.0 = Debug|Any CPU
		{74B6E294-C161-4479-A97D-84CA25DE1D69}.Release|Any CPU.ActiveCfg = Release|Any CPU
		{74B6E294-C161-4479-A97D-84CA25DE1D69}.Release|Any CPU.Build.0 = Release|Any CPU
	EndGlobalSection
	GlobalSection(SolutionProperties) = preSolution
		HideSolutionNode = FALSE
	EndGlobalSection
	GlobalSection(ExtensibilityGlobals) = postSolution
		SolutionGuid = {B7541821-5ACB-45A9-868B-2574C5F56F5B}
	EndGlobalSection
EndGlobal
